Microsoft Visual Studio Solution File, Format Version 12.00
# Visual Studio 15
VisualStudioVersion = 15.0.27428.2015
MinimumVisualStudioVersion = 10.0.40219.1
Project("{FAE04EC0-301F-11D3-BF4B-00C04F79EFBC}") = "Breadcrumb", "Breadcrumb\Breadcrumb.csproj", "{3CC96481-522E-4769-B93D-C81915A06893}"
EndProject
Project("{FAE04EC0-301F-11D3-BF4B-00C04F79EFBC}") = "BreadcrumbLib", "BreadcrumbLib\BreadcrumbLib.csproj", "{15BBE1FB-D9E1-4B86-BE6C-B7D04A1A79F0}"
EndProject
Project("{FAE04EC0-301F-11D3-BF4B-00C04F79EFBC}") = "Themes", "Components\ThemesManager\Themes.csproj", "{6570EE8B-24C8-4025-B382-247FF6A8EA94}"
EndProject
Project("{FAE04EC0-301F-11D3-BF4B-00C04F79EFBC}") = "Icons", "Components\Icons\Icons.csproj", "{B0E97E26-48E6-467C-A5E8-79D4ED4E5550}"
EndProject
Project("{FAE04EC0-301F-11D3-BF4B-00C04F79EFBC}") = "DirectoryInfoExLib", "Components\DirectoryInfoEx\DirectoryInfoExLib.csproj", "{09DF5A9A-989E-410C-BA72-5A94CF481E57}"
EndProject
Project("{2150E333-8FDC-42A3-9474-1A3956D46DE8}") = "Components", "Components", "{D9EF7470-3B11-444E-887C-95252918E64E}"
EndProject
Global
	GlobalSection(SolutionConfigurationPlatforms) = preSolution
		Debug|Any CPU = Debug|Any CPU
		Debug|x86 = Debug|x86
		Release|Any CPU = Release|Any CPU
		Release|x86 = Release|x86
	EndGlobalSection
	GlobalSection(ProjectConfigurationPlatforms) = postSolution
		{3CC96481-522E-4769-B93D-C81915A06893}.Debug|Any CPU.ActiveCfg = Debug|Any CPU
		{3CC96481-522E-4769-B93D-C81915A06893}.Debug|Any CPU.Build.0 = Debug|Any CPU
		{3CC96481-522E-4769-B93D-C81915A06893}.Debug|x86.ActiveCfg = Debug|x86
		{3CC96481-522E-4769-B93D-C81915A06893}.Debug|x86.Build.0 = Debug|x86
		{3CC96481-522E-4769-B93D-C81915A06893}.Release|Any CPU.ActiveCfg = Release|Any CPU
		{3CC96481-522E-4769-B93D-C81915A06893}.Release|Any CPU.Build.0 = Release|Any CPU
		{3CC96481-522E-4769-B93D-C81915A06893}.Release|x86.ActiveCfg = Release|x86
		{3CC96481-522E-4769-B93D-C81915A06893}.Release|x86.Build.0 = Release|x86
		{15BBE1FB-D9E1-4B86-BE6C-B7D04A1A79F0}.Debug|Any CPU.ActiveCfg = Debug|Any CPU
		{15BBE1FB-D9E1-4B86-BE6C-B7D04A1A79F0}.Debug|Any CPU.Build.0 = Debug|Any CPU
		{15BBE1FB-D9E1-4B86-BE6C-B7D04A1A79F0}.Debug|x86.ActiveCfg = Debug|x86
		{15BBE1FB-D9E1-4B86-BE6C-B7D04A1A79F0}.Debug|x86.Build.0 = Debug|x86
		{15BBE1FB-D9E1-4B86-BE6C-B7D04A1A79F0}.Release|Any CPU.ActiveCfg = Release|Any CPU
		{15BBE1FB-D9E1-4B86-BE6C-B7D04A1A79F0}.Release|Any CPU.Build.0 = Release|Any CPU
		{15BBE1FB-D9E1-4B86-BE6C-B7D04A1A79F0}.Release|x86.ActiveCfg = Release|x86
		{15BBE1FB-D9E1-4B86-BE6C-B7D04A1A79F0}.Release|x86.Build.0 = Release|x86
		{6570EE8B-24C8-4025-B382-247FF6A8EA94}.Debug|Any CPU.ActiveCfg = Debug|Any CPU
		{6570EE8B-24C8-4025-B382-247FF6A8EA94}.Debug|Any CPU.Build.0 = Debug|Any CPU
		{6570EE8B-24C8-4025-B382-247FF6A8EA94}.Debug|x86.ActiveCfg = Debug|Any CPU
		{6570EE8B-24C8-4025-B382-247FF6A8EA94}.Release|Any CPU.ActiveCfg = Release|Any CPU
		{6570EE8B-24C8-4025-B382-247FF6A8EA94}.Release|Any CPU.Build.0 = Release|Any CPU
		{6570EE8B-24C8-4025-B382-247FF6A8EA94}.Release|x86.ActiveCfg = Release|Any CPU
		{B0E97E26-48E6-467C-A5E8-79D4ED4E5550}.Debug|Any CPU.ActiveCfg = Debug|Any CPU
		{B0E97E26-48E6-467C-A5E8-79D4ED4E5550}.Debug|Any CPU.Build.0 = Debug|Any CPU
		{B0E97E26-48E6-467C-A5E8-79D4ED4E5550}.Debug|x86.ActiveCfg = Debug|Any CPU
		{B0E97E26-48E6-467C-A5E8-79D4ED4E5550}.Release|Any CPU.ActiveCfg = Release|Any CPU
		{B0E97E26-48E6-467C-A5E8-79D4ED4E5550}.Release|Any CPU.Build.0 = Release|Any CPU
		{B0E97E26-48E6-467C-A5E8-79D4ED4E5550}.Release|x86.ActiveCfg = Release|Any CPU
		{09DF5A9A-989E-410C-BA72-5A94CF481E57}.Debug|Any CPU.ActiveCfg = Debug|Any CPU
		{09DF5A9A-989E-410C-BA72-5A94CF481E57}.Debug|Any CPU.Build.0 = Debug|Any CPU
		{09DF5A9A-989E-410C-BA72-5A94CF481E57}.Debug|x86.ActiveCfg = Debug|Any CPU
		{09DF5A9A-989E-410C-BA72-5A94CF481E57}.Debug|x86.Build.0 = Debug|Any CPU
		{09DF5A9A-989E-410C-BA72-5A94CF481E57}.Release|Any CPU.ActiveCfg = Release|Any CPU
		{09DF5A9A-989E-410C-BA72-5A94CF481E57}.Release|Any CPU.Build.0 = Release|Any CPU
		{09DF5A9A-989E-410C-BA72-5A94CF481E57}.Release|x86.ActiveCfg = Release|Any CPU
		{09DF5A9A-989E-410C-BA72-5A94CF481E57}.Release|x86.Build.0 = Release|Any CPU
	EndGlobalSection
	GlobalSection(SolutionProperties) = preSolution
		HideSolutionNode = FALSE
	EndGlobalSection
	GlobalSection(NestedProjects) = preSolution
		{6570EE8B-24C8-4025-B382-247FF6A8EA94} = {D9EF7470-3B11-444E-887C-95252918E64E}
		{B0E97E26-48E6-467C-A5E8-79D4ED4E5550} = {D9EF7470-3B11-444E-887C-95252918E64E}
		{09DF5A9A-989E-410C-BA72-5A94CF481E57} = {D9EF7470-3B11-444E-887C-95252918E64E}
	EndGlobalSection
	GlobalSection(ExtensibilityGlobals) = postSolution
		SolutionGuid = {BF54795A-160E-4272-A394-F23A4AA5AF62}
	EndGlobalSection
EndGlobal
