Microsoft Visual Studio Solution File, Format Version 12.00
# Visual Studio 15
VisualStudioVersion = 15.0.27428.2015
MinimumVisualStudioVersion = 10.0.40219.1
Project("{FAE04EC0-301F-11D3-BF4B-00C04F79EFBC}") = "Breadcrumb", "Demos\Breadcrumb\Breadcrumb.csproj", "{3CC96481-522E-4769-B93D-C81915A06893}"
EndProject
Project("{FAE04EC0-301F-11D3-BF4B-00C04F79EFBC}") = "BreadcrumbLib", "BreadcrumbLib\BreadcrumbLib.csproj", "{15BBE1FB-D9E1-4B86-BE6C-B7D04A1A79F0}"
EndProject
Project("{FAE04EC0-301F-11D3-BF4B-00C04F79EFBC}") = "Icons", "Components\Icons\Icons.csproj", "{B0E97E26-48E6-467C-A5E8-79D4ED4E5550}"
EndProject
Project("{FAE04EC0-301F-11D3-BF4B-00C04F79EFBC}") = "DirectoryInfoExLib", "Components\DirectoryInfoExLib\DirectoryInfoExLib.csproj", "{09DF5A9A-989E-410C-BA72-5A94CF481E57}"
EndProject
Project("{2150E333-8FDC-42A3-9474-1A3956D46DE8}") = "Components", "Components", "{D9EF7470-3B11-444E-887C-95252918E64E}"
EndProject
Project("{FAE04EC0-301F-11D3-BF4B-00C04F79EFBC}") = "ServiceLocator", "Components\ServiceLocator\ServiceLocator.csproj", "{252126D1-E1D9-49C3-910B-FCF2266265EF}"
EndProject
Project("{2150E333-8FDC-42A3-9474-1A3956D46DE8}") = "Settings", "Settings", "{FE5E4EF3-7B1A-4085-BAB7-BB701663B3A7}"
EndProject
Project("{FAE04EC0-301F-11D3-BF4B-00C04F79EFBC}") = "Settings", "Components\Settings\Settings\Settings.csproj", "{2807B493-CC2E-402E-901A-EB138698FEDC}"
EndProject
Project("{FAE04EC0-301F-11D3-BF4B-00C04F79EFBC}") = "SettingsModel", "Components\Settings\SettingsModel\SettingsModel.csproj", "{9B0BA841-5A2F-4ED3-A908-253DBCA70E77}"
EndProject
Project("{FAE04EC0-301F-11D3-BF4B-00C04F79EFBC}") = "BreadcrumbTestLib", "Demos\BreadcrumbTestLib\BreadcrumbTestLib.csproj", "{5DD7405C-A81D-49BE-93BF-46FEDD0A3A2C}"
EndProject
Project("{2150E333-8FDC-42A3-9474-1A3956D46DE8}") = "Demos", "Demos", "{51467FF2-2371-41EF-A593-3E5415ECD9E6}"
EndProject
Project("{FAE04EC0-301F-11D3-BF4B-00C04F79EFBC}") = "ThemedDemo", "Demos\ThemedDemo\ThemedDemo.csproj", "{58BD0E02-6BFF-43F0-9B93-D3371E97794B}"
EndProject
Global
	GlobalSection(SolutionConfigurationPlatforms) = preSolution
		Debug|Any CPU = Debug|Any CPU
		Debug|x64 = Debug|x64
		Debug|x86 = Debug|x86
		Release|Any CPU = Release|Any CPU
		Release|x64 = Release|x64
		Release|x86 = Release|x86
	EndGlobalSection
	GlobalSection(ProjectConfigurationPlatforms) = postSolution
		{3CC96481-522E-4769-B93D-C81915A06893}.Debug|Any CPU.ActiveCfg = Debug|Any CPU
		{3CC96481-522E-4769-B93D-C81915A06893}.Debug|Any CPU.Build.0 = Debug|Any CPU
		{3CC96481-522E-4769-B93D-C81915A06893}.Debug|x64.ActiveCfg = Debug|Any CPU
		{3CC96481-522E-4769-B93D-C81915A06893}.Debug|x64.Build.0 = Debug|Any CPU
		{3CC96481-522E-4769-B93D-C81915A06893}.Debug|x86.ActiveCfg = Debug|x86
		{3CC96481-522E-4769-B93D-C81915A06893}.Debug|x86.Build.0 = Debug|x86
		{3CC96481-522E-4769-B93D-C81915A06893}.Release|Any CPU.ActiveCfg = Release|Any CPU
		{3CC96481-522E-4769-B93D-C81915A06893}.Release|Any CPU.Build.0 = Release|Any CPU
		{3CC96481-522E-4769-B93D-C81915A06893}.Release|x64.ActiveCfg = Release|Any CPU
		{3CC96481-522E-4769-B93D-C81915A06893}.Release|x64.Build.0 = Release|Any CPU
		{3CC96481-522E-4769-B93D-C81915A06893}.Release|x86.ActiveCfg = Release|x86
		{3CC96481-522E-4769-B93D-C81915A06893}.Release|x86.Build.0 = Release|x86
		{15BBE1FB-D9E1-4B86-BE6C-B7D04A1A79F0}.Debug|Any CPU.ActiveCfg = Debug|Any CPU
		{15BBE1FB-D9E1-4B86-BE6C-B7D04A1A79F0}.Debug|Any CPU.Build.0 = Debug|Any CPU
		{15BBE1FB-D9E1-4B86-BE6C-B7D04A1A79F0}.Debug|x64.ActiveCfg = Debug|Any CPU
		{15BBE1FB-D9E1-4B86-BE6C-B7D04A1A79F0}.Debug|x64.Build.0 = Debug|Any CPU
		{15BBE1FB-D9E1-4B86-BE6C-B7D04A1A79F0}.Debug|x86.ActiveCfg = Debug|x86
		{15BBE1FB-D9E1-4B86-BE6C-B7D04A1A79F0}.Debug|x86.Build.0 = Debug|x86
		{15BBE1FB-D9E1-4B86-BE6C-B7D04A1A79F0}.Release|Any CPU.ActiveCfg = Release|Any CPU
		{15BBE1FB-D9E1-4B86-BE6C-B7D04A1A79F0}.Release|Any CPU.Build.0 = Release|Any CPU
		{15BBE1FB-D9E1-4B86-BE6C-B7D04A1A79F0}.Release|x64.ActiveCfg = Release|Any CPU
		{15BBE1FB-D9E1-4B86-BE6C-B7D04A1A79F0}.Release|x64.Build.0 = Release|Any CPU
		{15BBE1FB-D9E1-4B86-BE6C-B7D04A1A79F0}.Release|x86.ActiveCfg = Release|x86
		{15BBE1FB-D9E1-4B86-BE6C-B7D04A1A79F0}.Release|x86.Build.0 = Release|x86
		{B0E97E26-48E6-467C-A5E8-79D4ED4E5550}.Debug|Any CPU.ActiveCfg = Debug|Any CPU
		{B0E97E26-48E6-467C-A5E8-79D4ED4E5550}.Debug|Any CPU.Build.0 = Debug|Any CPU
		{B0E97E26-48E6-467C-A5E8-79D4ED4E5550}.Debug|x64.ActiveCfg = Debug|Any CPU
		{B0E97E26-48E6-467C-A5E8-79D4ED4E5550}.Debug|x64.Build.0 = Debug|Any CPU
		{B0E97E26-48E6-467C-A5E8-79D4ED4E5550}.Debug|x86.ActiveCfg = Debug|Any CPU
		{B0E97E26-48E6-467C-A5E8-79D4ED4E5550}.Release|Any CPU.ActiveCfg = Release|Any CPU
		{B0E97E26-48E6-467C-A5E8-79D4ED4E5550}.Release|Any CPU.Build.0 = Release|Any CPU
		{B0E97E26-48E6-467C-A5E8-79D4ED4E5550}.Release|x64.ActiveCfg = Release|Any CPU
		{B0E97E26-48E6-467C-A5E8-79D4ED4E5550}.Release|x64.Build.0 = Release|Any CPU
		{B0E97E26-48E6-467C-A5E8-79D4ED4E5550}.Release|x86.ActiveCfg = Release|Any CPU
		{09DF5A9A-989E-410C-BA72-5A94CF481E57}.Debug|Any CPU.ActiveCfg = Debug|Any CPU
		{09DF5A9A-989E-410C-BA72-5A94CF481E57}.Debug|Any CPU.Build.0 = Debug|Any CPU
		{09DF5A9A-989E-410C-BA72-5A94CF481E57}.Debug|x64.ActiveCfg = Debug|Any CPU
		{09DF5A9A-989E-410C-BA72-5A94CF481E57}.Debug|x64.Build.0 = Debug|Any CPU
		{09DF5A9A-989E-410C-BA72-5A94CF481E57}.Debug|x86.ActiveCfg = Debug|Any CPU
		{09DF5A9A-989E-410C-BA72-5A94CF481E57}.Debug|x86.Build.0 = Debug|Any CPU
		{09DF5A9A-989E-410C-BA72-5A94CF481E57}.Release|Any CPU.ActiveCfg = Release|Any CPU
		{09DF5A9A-989E-410C-BA72-5A94CF481E57}.Release|Any CPU.Build.0 = Release|Any CPU
		{09DF5A9A-989E-410C-BA72-5A94CF481E57}.Release|x64.ActiveCfg = Release|Any CPU
		{09DF5A9A-989E-410C-BA72-5A94CF481E57}.Release|x64.Build.0 = Release|Any CPU
		{09DF5A9A-989E-410C-BA72-5A94CF481E57}.Release|x86.ActiveCfg = Release|Any CPU
		{09DF5A9A-989E-410C-BA72-5A94CF481E57}.Release|x86.Build.0 = Release|Any CPU
		{252126D1-E1D9-49C3-910B-FCF2266265EF}.Debug|Any CPU.ActiveCfg = Debug|Any CPU
		{252126D1-E1D9-49C3-910B-FCF2266265EF}.Debug|Any CPU.Build.0 = Debug|Any CPU
		{252126D1-E1D9-49C3-910B-FCF2266265EF}.Debug|x64.ActiveCfg = Debug|x64
		{252126D1-E1D9-49C3-910B-FCF2266265EF}.Debug|x64.Build.0 = Debug|x64
		{252126D1-E1D9-49C3-910B-FCF2266265EF}.Debug|x86.ActiveCfg = Debug|x86
		{252126D1-E1D9-49C3-910B-FCF2266265EF}.Debug|x86.Build.0 = Debug|x86
		{252126D1-E1D9-49C3-910B-FCF2266265EF}.Release|Any CPU.ActiveCfg = Release|Any CPU
		{252126D1-E1D9-49C3-910B-FCF2266265EF}.Release|Any CPU.Build.0 = Release|Any CPU
		{252126D1-E1D9-49C3-910B-FCF2266265EF}.Release|x64.ActiveCfg = Release|x64
		{252126D1-E1D9-49C3-910B-FCF2266265EF}.Release|x64.Build.0 = Release|x64
		{252126D1-E1D9-49C3-910B-FCF2266265EF}.Release|x86.ActiveCfg = Release|x86
		{252126D1-E1D9-49C3-910B-FCF2266265EF}.Release|x86.Build.0 = Release|x86
		{2807B493-CC2E-402E-901A-EB138698FEDC}.Debug|Any CPU.ActiveCfg = Debug|Any CPU
		{2807B493-CC2E-402E-901A-EB138698FEDC}.Debug|Any CPU.Build.0 = Debug|Any CPU
		{2807B493-CC2E-402E-901A-EB138698FEDC}.Debug|x64.ActiveCfg = Debug|x64
		{2807B493-CC2E-402E-901A-EB138698FEDC}.Debug|x64.Build.0 = Debug|x64
		{2807B493-CC2E-402E-901A-EB138698FEDC}.Debug|x86.ActiveCfg = Debug|x86
		{2807B493-CC2E-402E-901A-EB138698FEDC}.Debug|x86.Build.0 = Debug|x86
		{2807B493-CC2E-402E-901A-EB138698FEDC}.Release|Any CPU.ActiveCfg = Release|Any CPU
		{2807B493-CC2E-402E-901A-EB138698FEDC}.Release|Any CPU.Build.0 = Release|Any CPU
		{2807B493-CC2E-402E-901A-EB138698FEDC}.Release|x64.ActiveCfg = Release|x64
		{2807B493-CC2E-402E-901A-EB138698FEDC}.Release|x64.Build.0 = Release|x64
		{2807B493-CC2E-402E-901A-EB138698FEDC}.Release|x86.ActiveCfg = Release|x86
		{2807B493-CC2E-402E-901A-EB138698FEDC}.Release|x86.Build.0 = Release|x86
		{9B0BA841-5A2F-4ED3-A908-253DBCA70E77}.Debug|Any CPU.ActiveCfg = Debug|Any CPU
		{9B0BA841-5A2F-4ED3-A908-253DBCA70E77}.Debug|Any CPU.Build.0 = Debug|Any CPU
		{9B0BA841-5A2F-4ED3-A908-253DBCA70E77}.Debug|x64.ActiveCfg = Debug|x64
		{9B0BA841-5A2F-4ED3-A908-253DBCA70E77}.Debug|x64.Build.0 = Debug|x64
		{9B0BA841-5A2F-4ED3-A908-253DBCA70E77}.Debug|x86.ActiveCfg = Debug|x86
		{9B0BA841-5A2F-4ED3-A908-253DBCA70E77}.Debug|x86.Build.0 = Debug|x86
		{9B0BA841-5A2F-4ED3-A908-253DBCA70E77}.Release|Any CPU.ActiveCfg = Release|Any CPU
		{9B0BA841-5A2F-4ED3-A908-253DBCA70E77}.Release|Any CPU.Build.0 = Release|Any CPU
		{9B0BA841-5A2F-4ED3-A908-253DBCA70E77}.Release|x64.ActiveCfg = Release|x64
		{9B0BA841-5A2F-4ED3-A908-253DBCA70E77}.Release|x64.Build.0 = Release|x64
		{9B0BA841-5A2F-4ED3-A908-253DBCA70E77}.Release|x86.ActiveCfg = Release|x86
		{9B0BA841-5A2F-4ED3-A908-253DBCA70E77}.Release|x86.Build.0 = Release|x86
		{5DD7405C-A81D-49BE-93BF-46FEDD0A3A2C}.Debug|Any CPU.ActiveCfg = Debug|Any CPU
		{5DD7405C-A81D-49BE-93BF-46FEDD0A3A2C}.Debug|Any CPU.Build.0 = Debug|Any CPU
		{5DD7405C-A81D-49BE-93BF-46FEDD0A3A2C}.Debug|x64.ActiveCfg = Debug|Any CPU
		{5DD7405C-A81D-49BE-93BF-46FEDD0A3A2C}.Debug|x64.Build.0 = Debug|Any CPU
		{5DD7405C-A81D-49BE-93BF-46FEDD0A3A2C}.Debug|x86.ActiveCfg = Debug|Any CPU
		{5DD7405C-A81D-49BE-93BF-46FEDD0A3A2C}.Debug|x86.Build.0 = Debug|Any CPU
		{5DD7405C-A81D-49BE-93BF-46FEDD0A3A2C}.Release|Any CPU.ActiveCfg = Release|Any CPU
		{5DD7405C-A81D-49BE-93BF-46FEDD0A3A2C}.Release|Any CPU.Build.0 = Release|Any CPU
		{5DD7405C-A81D-49BE-93BF-46FEDD0A3A2C}.Release|x64.ActiveCfg = Release|Any CPU
		{5DD7405C-A81D-49BE-93BF-46FEDD0A3A2C}.Release|x64.Build.0 = Release|Any CPU
		{5DD7405C-A81D-49BE-93BF-46FEDD0A3A2C}.Release|x86.ActiveCfg = Release|Any CPU
		{5DD7405C-A81D-49BE-93BF-46FEDD0A3A2C}.Release|x86.Build.0 = Release|Any CPU
		{58BD0E02-6BFF-43F0-9B93-D3371E97794B}.Debug|Any CPU.ActiveCfg = Debug|Any CPU
		{58BD0E02-6BFF-43F0-9B93-D3371E97794B}.Debug|Any CPU.Build.0 = Debug|Any CPU
		{58BD0E02-6BFF-43F0-9B93-D3371E97794B}.Debug|x64.ActiveCfg = Debug|x64
		{58BD0E02-6BFF-43F0-9B93-D3371E97794B}.Debug|x64.Build.0 = Debug|x64
		{58BD0E02-6BFF-43F0-9B93-D3371E97794B}.Debug|x86.ActiveCfg = Debug|x86
		{58BD0E02-6BFF-43F0-9B93-D3371E97794B}.Debug|x86.Build.0 = Debug|x86
		{58BD0E02-6BFF-43F0-9B93-D3371E97794B}.Release|Any CPU.ActiveCfg = Release|Any CPU
		{58BD0E02-6BFF-43F0-9B93-D3371E97794B}.Release|Any CPU.Build.0 = Release|Any CPU
		{58BD0E02-6BFF-43F0-9B93-D3371E97794B}.Release|x64.ActiveCfg = Release|x64
		{58BD0E02-6BFF-43F0-9B93-D3371E97794B}.Release|x64.Build.0 = Release|x64
		{58BD0E02-6BFF-43F0-9B93-D3371E97794B}.Release|x86.ActiveCfg = Release|x86
		{58BD0E02-6BFF-43F0-9B93-D3371E97794B}.Release|x86.Build.0 = Release|x86
	EndGlobalSection
	GlobalSection(SolutionProperties) = preSolution
		HideSolutionNode = FALSE
	EndGlobalSection
	GlobalSection(NestedProjects) = preSolution
		{3CC96481-522E-4769-B93D-C81915A06893} = {51467FF2-2371-41EF-A593-3E5415ECD9E6}
		{B0E97E26-48E6-467C-A5E8-79D4ED4E5550} = {D9EF7470-3B11-444E-887C-95252918E64E}
		{09DF5A9A-989E-410C-BA72-5A94CF481E57} = {D9EF7470-3B11-444E-887C-95252918E64E}
		{252126D1-E1D9-49C3-910B-FCF2266265EF} = {D9EF7470-3B11-444E-887C-95252918E64E}
		{FE5E4EF3-7B1A-4085-BAB7-BB701663B3A7} = {D9EF7470-3B11-444E-887C-95252918E64E}
		{2807B493-CC2E-402E-901A-EB138698FEDC} = {FE5E4EF3-7B1A-4085-BAB7-BB701663B3A7}
		{9B0BA841-5A2F-4ED3-A908-253DBCA70E77} = {FE5E4EF3-7B1A-4085-BAB7-BB701663B3A7}
		{5DD7405C-A81D-49BE-93BF-46FEDD0A3A2C} = {51467FF2-2371-41EF-A593-3E5415ECD9E6}
		{58BD0E02-6BFF-43F0-9B93-D3371E97794B} = {51467FF2-2371-41EF-A593-3E5415ECD9E6}
	EndGlobalSection
	GlobalSection(ExtensibilityGlobals) = postSolution
		SolutionGuid = {BF54795A-160E-4272-A394-F23A4AA5AF62}
	EndGlobalSection
EndGlobal
