
Microsoft Visual Studio Solution File, Format Version 12.00
# Visual Studio 2013
VisualStudioVersion = 12.0.31101.0
MinimumVisualStudioVersion = 10.0.40219.1
Project("{FAE04EC0-301F-11D3-BF4B-00C04F79EFBC}") = "DirectoryInfoEx", "DirectoryInfoEx.csproj", "{09DF5A9A-989E-410C-BA72-5A94CF481E57}"
EndProject
Project("{FAE04EC0-301F-11D3-BF4B-00C04F79EFBC}") = "MemoryLeakTest", "..\MemoryLeakTest\MemoryLeakTest.csproj", "{B6436C31-1CBC-4970-B082-291D698BDD37}"
EndProject
Project("{FAE04EC0-301F-11D3-BF4B-00C04F79EFBC}") = "DirectoryInfoEx.UnitTest", "..\..\tests\DirectoryInfoEx.UnitTest\DirectoryInfoEx.UnitTest.csproj", "{58D8AD4A-F223-45F7-9DAE-F31F3EBE938B}"
EndProject
Project("{FAE04EC0-301F-11D3-BF4B-00C04F79EFBC}") = "DirectoryInfoEx.IntegrationTest", "..\..\tests\DirectoryInfoEx.IntegrationTest\DirectoryInfoEx.IntegrationTest.csproj", "{2BD5373F-3ACD-4AFD-ADBD-F0BDFC7998F7}"
EndProject
Project("{FAE04EC0-301F-11D3-BF4B-00C04F79EFBC}") = "ListSpecialDirectoryGuid", "..\ListSpecialDirectoryGuid\ListSpecialDirectoryGuid.csproj", "{046607F6-F4C2-4C97-9BAA-491FBB11D52C}"
EndProject
Project("{FAE04EC0-301F-11D3-BF4B-00C04F79EFBC}") = "AsyncTest", "..\AsyncTest\AsyncTest.csproj", "{F41AFF6F-1393-4884-9C3E-B69E893F0D9A}"
EndProject
Project("{FAE04EC0-301F-11D3-BF4B-00C04F79EFBC}") = "WPFDemo", "..\WPFDemo\WPFDemo.csproj", "{4F6C7AEE-8C01-4EF0-AC11-BDD0E12267BF}"
EndProject
Global
	GlobalSection(SolutionConfigurationPlatforms) = preSolution
		Debug|Any CPU = Debug|Any CPU
		Release|Any CPU = Release|Any CPU
	EndGlobalSection
	GlobalSection(ProjectConfigurationPlatforms) = postSolution
		{09DF5A9A-989E-410C-BA72-5A94CF481E57}.Debug|Any CPU.ActiveCfg = Debug|Any CPU
		{09DF5A9A-989E-410C-BA72-5A94CF481E57}.Debug|Any CPU.Build.0 = Debug|Any CPU
		{09DF5A9A-989E-410C-BA72-5A94CF481E57}.Release|Any CPU.ActiveCfg = Release|Any CPU
		{09DF5A9A-989E-410C-BA72-5A94CF481E57}.Release|Any CPU.Build.0 = Release|Any CPU
		{B6436C31-1CBC-4970-B082-291D698BDD37}.Debug|Any CPU.ActiveCfg = Debug|Any CPU
		{B6436C31-1CBC-4970-B082-291D698BDD37}.Debug|Any CPU.Build.0 = Debug|Any CPU
		{B6436C31-1CBC-4970-B082-291D698BDD37}.Release|Any CPU.ActiveCfg = Release|Any CPU
		{B6436C31-1CBC-4970-B082-291D698BDD37}.Release|Any CPU.Build.0 = Release|Any CPU
		{58D8AD4A-F223-45F7-9DAE-F31F3EBE938B}.Debug|Any CPU.ActiveCfg = Debug|Any CPU
		{58D8AD4A-F223-45F7-9DAE-F31F3EBE938B}.Debug|Any CPU.Build.0 = Debug|Any CPU
		{58D8AD4A-F223-45F7-9DAE-F31F3EBE938B}.Release|Any CPU.ActiveCfg = Release|Any CPU
		{58D8AD4A-F223-45F7-9DAE-F31F3EBE938B}.Release|Any CPU.Build.0 = Release|Any CPU
		{2BD5373F-3ACD-4AFD-ADBD-F0BDFC7998F7}.Debug|Any CPU.ActiveCfg = Debug|Any CPU
		{2BD5373F-3ACD-4AFD-ADBD-F0BDFC7998F7}.Debug|Any CPU.Build.0 = Debug|Any CPU
		{2BD5373F-3ACD-4AFD-ADBD-F0BDFC7998F7}.Release|Any CPU.ActiveCfg = Release|Any CPU
		{2BD5373F-3ACD-4AFD-ADBD-F0BDFC7998F7}.Release|Any CPU.Build.0 = Release|Any CPU
		{046607F6-F4C2-4C97-9BAA-491FBB11D52C}.Debug|Any CPU.ActiveCfg = Debug|Any CPU
		{046607F6-F4C2-4C97-9BAA-491FBB11D52C}.Debug|Any CPU.Build.0 = Debug|Any CPU
		{046607F6-F4C2-4C97-9BAA-491FBB11D52C}.Release|Any CPU.ActiveCfg = Release|Any CPU
		{046607F6-F4C2-4C97-9BAA-491FBB11D52C}.Release|Any CPU.Build.0 = Release|Any CPU
		{F41AFF6F-1393-4884-9C3E-B69E893F0D9A}.Debug|Any CPU.ActiveCfg = Debug|Any CPU
		{F41AFF6F-1393-4884-9C3E-B69E893F0D9A}.Debug|Any CPU.Build.0 = Debug|Any CPU
		{F41AFF6F-1393-4884-9C3E-B69E893F0D9A}.Release|Any CPU.ActiveCfg = Release|Any CPU
		{F41AFF6F-1393-4884-9C3E-B69E893F0D9A}.Release|Any CPU.Build.0 = Release|Any CPU
		{4F6C7AEE-8C01-4EF0-AC11-BDD0E12267BF}.Debug|Any CPU.ActiveCfg = Debug|Any CPU
		{4F6C7AEE-8C01-4EF0-AC11-BDD0E12267BF}.Debug|Any CPU.Build.0 = Debug|Any CPU
		{4F6C7AEE-8C01-4EF0-AC11-BDD0E12267BF}.Release|Any CPU.ActiveCfg = Release|Any CPU
		{4F6C7AEE-8C01-4EF0-AC11-BDD0E12267BF}.Release|Any CPU.Build.0 = Release|Any CPU
	EndGlobalSection
	GlobalSection(SolutionProperties) = preSolution
		HideSolutionNode = FALSE
	EndGlobalSection
EndGlobal
